// !$*UTF8*$!
{
	archiveVersion = 1;
	classes = {
	};
	objectVersion = 50;
	objects = {

/* Begin PBXBuildFile section */
		133B0803231CF22E003B4D13 /* CurrencyConversionError.swift in Sources */ = {isa = PBXBuildFile; fileRef = 133B0802231CF22E003B4D13 /* CurrencyConversionError.swift */; };
		133B0806231D1257003B4D13 /* LoadingView.swift in Sources */ = {isa = PBXBuildFile; fileRef = 133B0805231D1257003B4D13 /* LoadingView.swift */; };
		138E62F1231D333D002DD49E /* UIStringsProvider.swift in Sources */ = {isa = PBXBuildFile; fileRef = 138E62F0231D333D002DD49E /* UIStringsProvider.swift */; };
		13D3DD55231B6C190033394F /* CurrencyConverterViewControllerOutput.swift in Sources */ = {isa = PBXBuildFile; fileRef = 13D3DD54231B6C190033394F /* CurrencyConverterViewControllerOutput.swift */; };
		13D3DD5C231B77D60033394F /* CurrencyConverterPresenter.swift in Sources */ = {isa = PBXBuildFile; fileRef = 13D3DD5B231B77D60033394F /* CurrencyConverterPresenter.swift */; };
		13D3DD60231B7D0D0033394F /* CurrencyConverterPresenterOutput.swift in Sources */ = {isa = PBXBuildFile; fileRef = 13D3DD5F231B7D0D0033394F /* CurrencyConverterPresenterOutput.swift */; };
		13D3DD65231B7F280033394F /* CurrencyConverterViewData.swift in Sources */ = {isa = PBXBuildFile; fileRef = 13D3DD64231B7F280033394F /* CurrencyConverterViewData.swift */; };
		13D3DD68231C46280033394F /* CurrencyConversionService.swift in Sources */ = {isa = PBXBuildFile; fileRef = 13D3DD67231C46280033394F /* CurrencyConversionService.swift */; };
		13D3DD6A231C463B0033394F /* CurrencyConversionServiceProtocol.swift in Sources */ = {isa = PBXBuildFile; fileRef = 13D3DD69231C463B0033394F /* CurrencyConversionServiceProtocol.swift */; };
		13D3DD6C231C47320033394F /* CurrencyConversionServiceDelegate.swift in Sources */ = {isa = PBXBuildFile; fileRef = 13D3DD6B231C47320033394F /* CurrencyConversionServiceDelegate.swift */; };
		13D3DD6F231C47D60033394F /* CurrencyConverterViewAssembly.swift in Sources */ = {isa = PBXBuildFile; fileRef = 13D3DD6E231C47D60033394F /* CurrencyConverterViewAssembly.swift */; };
		13D3DD72231C4EAE0033394F /* CBRService.swift in Sources */ = {isa = PBXBuildFile; fileRef = 13D3DD71231C4EAE0033394F /* CBRService.swift */; };
		13D3DD76231C5E710033394F /* CBRServiceDelegate.swift in Sources */ = {isa = PBXBuildFile; fileRef = 13D3DD75231C5E710033394F /* CBRServiceDelegate.swift */; };
		13D3DD78231C5F500033394F /* CBRServiceProtocol.swift in Sources */ = {isa = PBXBuildFile; fileRef = 13D3DD77231C5F500033394F /* CBRServiceProtocol.swift */; };
		13E4F19223198D4700BDE8EB /* AppDelegate.swift in Sources */ = {isa = PBXBuildFile; fileRef = 13E4F19123198D4700BDE8EB /* AppDelegate.swift */; };
		13E4F19423198D4700BDE8EB /* CurrencyConverterViewController.swift in Sources */ = {isa = PBXBuildFile; fileRef = 13E4F19323198D4700BDE8EB /* CurrencyConverterViewController.swift */; };
		13E4F19923198D4800BDE8EB /* Assets.xcassets in Resources */ = {isa = PBXBuildFile; fileRef = 13E4F19823198D4800BDE8EB /* Assets.xcassets */; };
		13E4F19C23198D4800BDE8EB /* LaunchScreen.storyboard in Resources */ = {isa = PBXBuildFile; fileRef = 13E4F19A23198D4800BDE8EB /* LaunchScreen.storyboard */; };
		13E4F1A723198D4800BDE8EB /* CurrencyConverterTests.swift in Sources */ = {isa = PBXBuildFile; fileRef = 13E4F1A623198D4800BDE8EB /* CurrencyConverterTests.swift */; };
		13F7723D2319A09100090B0F /* CurrencyInputView.swift in Sources */ = {isa = PBXBuildFile; fileRef = 13F7723C2319A09100090B0F /* CurrencyInputView.swift */; };
		13F7723F2319A5A900090B0F /* DatePickerView.swift in Sources */ = {isa = PBXBuildFile; fileRef = 13F7723E2319A5A900090B0F /* DatePickerView.swift */; };
		13F772452319B47D00090B0F /* DatePickerViewDelegate.swift in Sources */ = {isa = PBXBuildFile; fileRef = 13F772442319B47D00090B0F /* DatePickerViewDelegate.swift */; };
		13F772482319B60800090B0F /* CurrencyInputViewDelegate.swift in Sources */ = {isa = PBXBuildFile; fileRef = 13F772472319B60800090B0F /* CurrencyInputViewDelegate.swift */; };
		13F7724D2319C0A800090B0F /* SumInputFieldFormatterDelegate.swift in Sources */ = {isa = PBXBuildFile; fileRef = 13F7724C2319C0A800090B0F /* SumInputFieldFormatterDelegate.swift */; };
		13F77252231B4F0900090B0F /* SumInputFieldFormatter.swift in Sources */ = {isa = PBXBuildFile; fileRef = 13F77251231B4F0900090B0F /* SumInputFieldFormatter.swift */; };
		E6E013888F4C4C3254364E4C /* Pods_CurrencyConverter.framework in Frameworks */ = {isa = PBXBuildFile; fileRef = 7F781AA4DDB8F314C16BEAC0 /* Pods_CurrencyConverter.framework */; };
		ECC57190D12673E3E03A794A /* Pods_CurrencyConverterTests.framework in Frameworks */ = {isa = PBXBuildFile; fileRef = 1D7AFD1467AB8CD1220DA29F /* Pods_CurrencyConverterTests.framework */; };
/* End PBXBuildFile section */

/* Begin PBXContainerItemProxy section */
		13E4F1A323198D4800BDE8EB /* PBXContainerItemProxy */ = {
			isa = PBXContainerItemProxy;
			containerPortal = 13E4F18623198D4700BDE8EB /* Project object */;
			proxyType = 1;
			remoteGlobalIDString = 13E4F18D23198D4700BDE8EB;
			remoteInfo = CurrencyConverter;
		};
/* End PBXContainerItemProxy section */

/* Begin PBXFileReference section */
		066189A4F9354FFC0E886CE6 /* Pods-CurrencyConverterTests.release.xcconfig */ = {isa = PBXFileReference; includeInIndex = 1; lastKnownFileType = text.xcconfig; name = "Pods-CurrencyConverterTests.release.xcconfig"; path = "Pods/Target Support Files/Pods-CurrencyConverterTests/Pods-CurrencyConverterTests.release.xcconfig"; sourceTree = "<group>"; };
		133B0802231CF22E003B4D13 /* CurrencyConversionError.swift */ = {isa = PBXFileReference; lastKnownFileType = sourcecode.swift; path = CurrencyConversionError.swift; sourceTree = "<group>"; };
		133B0805231D1257003B4D13 /* LoadingView.swift */ = {isa = PBXFileReference; lastKnownFileType = sourcecode.swift; path = LoadingView.swift; sourceTree = "<group>"; };
		138E62F0231D333D002DD49E /* UIStringsProvider.swift */ = {isa = PBXFileReference; lastKnownFileType = sourcecode.swift; path = UIStringsProvider.swift; sourceTree = "<group>"; };
		13D3DD54231B6C190033394F /* CurrencyConverterViewControllerOutput.swift */ = {isa = PBXFileReference; lastKnownFileType = sourcecode.swift; path = CurrencyConverterViewControllerOutput.swift; sourceTree = "<group>"; };
		13D3DD5B231B77D60033394F /* CurrencyConverterPresenter.swift */ = {isa = PBXFileReference; lastKnownFileType = sourcecode.swift; path = CurrencyConverterPresenter.swift; sourceTree = "<group>"; };
		13D3DD5F231B7D0D0033394F /* CurrencyConverterPresenterOutput.swift */ = {isa = PBXFileReference; lastKnownFileType = sourcecode.swift; path = CurrencyConverterPresenterOutput.swift; sourceTree = "<group>"; };
		13D3DD64231B7F280033394F /* CurrencyConverterViewData.swift */ = {isa = PBXFileReference; lastKnownFileType = sourcecode.swift; path = CurrencyConverterViewData.swift; sourceTree = "<group>"; };
		13D3DD67231C46280033394F /* CurrencyConversionService.swift */ = {isa = PBXFileReference; lastKnownFileType = sourcecode.swift; path = CurrencyConversionService.swift; sourceTree = "<group>"; };
		13D3DD69231C463B0033394F /* CurrencyConversionServiceProtocol.swift */ = {isa = PBXFileReference; lastKnownFileType = sourcecode.swift; path = CurrencyConversionServiceProtocol.swift; sourceTree = "<group>"; };
		13D3DD6B231C47320033394F /* CurrencyConversionServiceDelegate.swift */ = {isa = PBXFileReference; lastKnownFileType = sourcecode.swift; path = CurrencyConversionServiceDelegate.swift; sourceTree = "<group>"; };
		13D3DD6E231C47D60033394F /* CurrencyConverterViewAssembly.swift */ = {isa = PBXFileReference; lastKnownFileType = sourcecode.swift; path = CurrencyConverterViewAssembly.swift; sourceTree = "<group>"; };
		13D3DD71231C4EAE0033394F /* CBRService.swift */ = {isa = PBXFileReference; lastKnownFileType = sourcecode.swift; path = CBRService.swift; sourceTree = "<group>"; };
		13D3DD75231C5E710033394F /* CBRServiceDelegate.swift */ = {isa = PBXFileReference; lastKnownFileType = sourcecode.swift; path = CBRServiceDelegate.swift; sourceTree = "<group>"; };
		13D3DD77231C5F500033394F /* CBRServiceProtocol.swift */ = {isa = PBXFileReference; lastKnownFileType = sourcecode.swift; path = CBRServiceProtocol.swift; sourceTree = "<group>"; };
		13E4F18E23198D4700BDE8EB /* CurrencyConverter.app */ = {isa = PBXFileReference; explicitFileType = wrapper.application; includeInIndex = 0; path = CurrencyConverter.app; sourceTree = BUILT_PRODUCTS_DIR; };
		13E4F19123198D4700BDE8EB /* AppDelegate.swift */ = {isa = PBXFileReference; lastKnownFileType = sourcecode.swift; path = AppDelegate.swift; sourceTree = "<group>"; };
		13E4F19323198D4700BDE8EB /* CurrencyConverterViewController.swift */ = {isa = PBXFileReference; lastKnownFileType = sourcecode.swift; path = CurrencyConverterViewController.swift; sourceTree = "<group>"; };
		13E4F19823198D4800BDE8EB /* Assets.xcassets */ = {isa = PBXFileReference; lastKnownFileType = folder.assetcatalog; path = Assets.xcassets; sourceTree = "<group>"; };
		13E4F19B23198D4800BDE8EB /* Base */ = {isa = PBXFileReference; lastKnownFileType = file.storyboard; name = Base; path = Base.lproj/LaunchScreen.storyboard; sourceTree = "<group>"; };
		13E4F19D23198D4800BDE8EB /* Info.plist */ = {isa = PBXFileReference; lastKnownFileType = text.plist.xml; path = Info.plist; sourceTree = "<group>"; };
		13E4F1A223198D4800BDE8EB /* CurrencyConverterTests.xctest */ = {isa = PBXFileReference; explicitFileType = wrapper.cfbundle; includeInIndex = 0; path = CurrencyConverterTests.xctest; sourceTree = BUILT_PRODUCTS_DIR; };
		13E4F1A623198D4800BDE8EB /* CurrencyConverterTests.swift */ = {isa = PBXFileReference; lastKnownFileType = sourcecode.swift; path = CurrencyConverterTests.swift; sourceTree = "<group>"; };
		13E4F1A823198D4800BDE8EB /* Info.plist */ = {isa = PBXFileReference; lastKnownFileType = text.plist.xml; path = Info.plist; sourceTree = "<group>"; };
		13F7723C2319A09100090B0F /* CurrencyInputView.swift */ = {isa = PBXFileReference; lastKnownFileType = sourcecode.swift; path = CurrencyInputView.swift; sourceTree = "<group>"; };
		13F7723E2319A5A900090B0F /* DatePickerView.swift */ = {isa = PBXFileReference; lastKnownFileType = sourcecode.swift; path = DatePickerView.swift; sourceTree = "<group>"; };
		13F772442319B47D00090B0F /* DatePickerViewDelegate.swift */ = {isa = PBXFileReference; lastKnownFileType = sourcecode.swift; path = DatePickerViewDelegate.swift; sourceTree = "<group>"; };
		13F772472319B60800090B0F /* CurrencyInputViewDelegate.swift */ = {isa = PBXFileReference; lastKnownFileType = sourcecode.swift; path = CurrencyInputViewDelegate.swift; sourceTree = "<group>"; };
		13F7724C2319C0A800090B0F /* SumInputFieldFormatterDelegate.swift */ = {isa = PBXFileReference; lastKnownFileType = sourcecode.swift; path = SumInputFieldFormatterDelegate.swift; sourceTree = "<group>"; };
		13F77251231B4F0900090B0F /* SumInputFieldFormatter.swift */ = {isa = PBXFileReference; fileEncoding = 4; lastKnownFileType = sourcecode.swift; path = SumInputFieldFormatter.swift; sourceTree = "<group>"; };
		1D7AFD1467AB8CD1220DA29F /* Pods_CurrencyConverterTests.framework */ = {isa = PBXFileReference; explicitFileType = wrapper.framework; includeInIndex = 0; path = Pods_CurrencyConverterTests.framework; sourceTree = BUILT_PRODUCTS_DIR; };
		2E2883AC3AF3C0E174386B2E /* Pods-CurrencyConverter.debug.xcconfig */ = {isa = PBXFileReference; includeInIndex = 1; lastKnownFileType = text.xcconfig; name = "Pods-CurrencyConverter.debug.xcconfig"; path = "Pods/Target Support Files/Pods-CurrencyConverter/Pods-CurrencyConverter.debug.xcconfig"; sourceTree = "<group>"; };
		7F781AA4DDB8F314C16BEAC0 /* Pods_CurrencyConverter.framework */ = {isa = PBXFileReference; explicitFileType = wrapper.framework; includeInIndex = 0; path = Pods_CurrencyConverter.framework; sourceTree = BUILT_PRODUCTS_DIR; };
		AEB276D539C8F197A28AABEA /* Pods-CurrencyConverter.release.xcconfig */ = {isa = PBXFileReference; includeInIndex = 1; lastKnownFileType = text.xcconfig; name = "Pods-CurrencyConverter.release.xcconfig"; path = "Pods/Target Support Files/Pods-CurrencyConverter/Pods-CurrencyConverter.release.xcconfig"; sourceTree = "<group>"; };
		E3727542F3F5B584D1A45660 /* Pods-CurrencyConverterTests.debug.xcconfig */ = {isa = PBXFileReference; includeInIndex = 1; lastKnownFileType = text.xcconfig; name = "Pods-CurrencyConverterTests.debug.xcconfig"; path = "Pods/Target Support Files/Pods-CurrencyConverterTests/Pods-CurrencyConverterTests.debug.xcconfig"; sourceTree = "<group>"; };
/* End PBXFileReference section */

/* Begin PBXFrameworksBuildPhase section */
		13E4F18B23198D4700BDE8EB /* Frameworks */ = {
			isa = PBXFrameworksBuildPhase;
			buildActionMask = 2147483647;
			files = (
				E6E013888F4C4C3254364E4C /* Pods_CurrencyConverter.framework in Frameworks */,
			);
			runOnlyForDeploymentPostprocessing = 0;
		};
		13E4F19F23198D4800BDE8EB /* Frameworks */ = {
			isa = PBXFrameworksBuildPhase;
			buildActionMask = 2147483647;
			files = (
				ECC57190D12673E3E03A794A /* Pods_CurrencyConverterTests.framework in Frameworks */,
			);
			runOnlyForDeploymentPostprocessing = 0;
		};
/* End PBXFrameworksBuildPhase section */

/* Begin PBXGroup section */
		03716CE9D16B5B8CC870A472 /* Pods */ = {
			isa = PBXGroup;
			children = (
				2E2883AC3AF3C0E174386B2E /* Pods-CurrencyConverter.debug.xcconfig */,
				AEB276D539C8F197A28AABEA /* Pods-CurrencyConverter.release.xcconfig */,
				E3727542F3F5B584D1A45660 /* Pods-CurrencyConverterTests.debug.xcconfig */,
				066189A4F9354FFC0E886CE6 /* Pods-CurrencyConverterTests.release.xcconfig */,
			);
			name = Pods;
			sourceTree = "<group>";
		};
		133B0804231D1245003B4D13 /* LoadingView */ = {
			isa = PBXGroup;
			children = (
				133B0805231D1257003B4D13 /* LoadingView.swift */,
			);
			name = LoadingView;
			sourceTree = "<group>";
		};
		138E62ED231D2676002DD49E /* CurrencyConversionService */ = {
			isa = PBXGroup;
			children = (
				133B0802231CF22E003B4D13 /* CurrencyConversionError.swift */,
				13D3DD69231C463B0033394F /* CurrencyConversionServiceProtocol.swift */,
				13D3DD6B231C47320033394F /* CurrencyConversionServiceDelegate.swift */,
				13D3DD67231C46280033394F /* CurrencyConversionService.swift */,
			);
			name = CurrencyConversionService;
			sourceTree = "<group>";
		};
		138E62EE231D31C5002DD49E /* Core */ = {
			isa = PBXGroup;
			children = (
				13E4F19123198D4700BDE8EB /* AppDelegate.swift */,
				13D3DD70231C4E880033394F /* CBR Backend */,
			);
			name = Core;
			sourceTree = "<group>";
		};
		138E62EF231D31CE002DD49E /* UIStrings */ = {
			isa = PBXGroup;
			children = (
				138E62F0231D333D002DD49E /* UIStringsProvider.swift */,
			);
			name = UIStrings;
			sourceTree = "<group>";
		};
		13D3DD52231B6BED0033394F /* Screens */ = {
			isa = PBXGroup;
			children = (
				13D3DD53231B6BF50033394F /* CurrencyConverter */,
			);
			name = Screens;
			sourceTree = "<group>";
		};
		13D3DD53231B6BF50033394F /* CurrencyConverter */ = {
			isa = PBXGroup;
			children = (
				13D3DD6D231C47BF0033394F /* Assembly */,
				13D3DD63231B7EFB0033394F /* Models */,
				13D3DD5A231B76D90033394F /* Presenter */,
				13D3DD58231B6C5B0033394F /* View */,
			);
			name = CurrencyConverter;
			sourceTree = "<group>";
		};
		13D3DD58231B6C5B0033394F /* View */ = {
			isa = PBXGroup;
			children = (
				13E4F19323198D4700BDE8EB /* CurrencyConverterViewController.swift */,
				13D3DD54231B6C190033394F /* CurrencyConverterViewControllerOutput.swift */,
			);
			name = View;
			sourceTree = "<group>";
		};
		13D3DD5A231B76D90033394F /* Presenter */ = {
			isa = PBXGroup;
			children = (
				13D3DD5B231B77D60033394F /* CurrencyConverterPresenter.swift */,
				13D3DD5F231B7D0D0033394F /* CurrencyConverterPresenterOutput.swift */,
			);
			name = Presenter;
			sourceTree = "<group>";
		};
		13D3DD63231B7EFB0033394F /* Models */ = {
			isa = PBXGroup;
			children = (
				13D3DD64231B7F280033394F /* CurrencyConverterViewData.swift */,
			);
			name = Models;
			sourceTree = "<group>";
		};
		13D3DD66231C45780033394F /* Business Logic */ = {
			isa = PBXGroup;
			children = (
				138E62ED231D2676002DD49E /* CurrencyConversionService */,
			);
			name = "Business Logic";
			sourceTree = "<group>";
		};
		13D3DD6D231C47BF0033394F /* Assembly */ = {
			isa = PBXGroup;
			children = (
				13D3DD6E231C47D60033394F /* CurrencyConverterViewAssembly.swift */,
			);
			name = Assembly;
			sourceTree = "<group>";
		};
		13D3DD70231C4E880033394F /* CBR Backend */ = {
			isa = PBXGroup;
			children = (
				13D3DD77231C5F500033394F /* CBRServiceProtocol.swift */,
				13D3DD71231C4EAE0033394F /* CBRService.swift */,
				13D3DD75231C5E710033394F /* CBRServiceDelegate.swift */,
			);
			name = "CBR Backend";
			sourceTree = "<group>";
		};
		13E4F18523198D4700BDE8EB = {
			isa = PBXGroup;
			children = (
				13E4F19023198D4700BDE8EB /* CurrencyConverter */,
				13E4F1A523198D4800BDE8EB /* CurrencyConverterTests */,
				13E4F18F23198D4700BDE8EB /* Products */,
				03716CE9D16B5B8CC870A472 /* Pods */,
				D1A7901739E00316F672966F /* Frameworks */,
			);
			sourceTree = "<group>";
		};
		13E4F18F23198D4700BDE8EB /* Products */ = {
			isa = PBXGroup;
			children = (
				13E4F18E23198D4700BDE8EB /* CurrencyConverter.app */,
				13E4F1A223198D4800BDE8EB /* CurrencyConverterTests.xctest */,
			);
			name = Products;
			sourceTree = "<group>";
		};
		13E4F19023198D4700BDE8EB /* CurrencyConverter */ = {
			isa = PBXGroup;
			children = (
				13E4F19A23198D4800BDE8EB /* LaunchScreen.storyboard */,
				13E4F19823198D4800BDE8EB /* Assets.xcassets */,
				13E4F19D23198D4800BDE8EB /* Info.plist */,
				138E62EE231D31C5002DD49E /* Core */,
				13D3DD66231C45780033394F /* Business Logic */,
				13F77254231B655A00090B0F /* Presentation Layer */,
			);
			path = CurrencyConverter;
			sourceTree = "<group>";
		};
		13E4F1A523198D4800BDE8EB /* CurrencyConverterTests */ = {
			isa = PBXGroup;
			children = (
				13E4F1A623198D4800BDE8EB /* CurrencyConverterTests.swift */,
				13E4F1A823198D4800BDE8EB /* Info.plist */,
			);
			path = CurrencyConverterTests;
			sourceTree = "<group>";
		};
		13F772422319B43700090B0F /* UI Elements */ = {
			isa = PBXGroup;
			children = (
				133B0804231D1245003B4D13 /* LoadingView */,
				13F772462319B5E700090B0F /* CurrencyInput */,
				13F772432319B46A00090B0F /* DatePicker */,
			);
			name = "UI Elements";
			sourceTree = "<group>";
		};
		13F772432319B46A00090B0F /* DatePicker */ = {
			isa = PBXGroup;
			children = (
				13F7723E2319A5A900090B0F /* DatePickerView.swift */,
				13F772442319B47D00090B0F /* DatePickerViewDelegate.swift */,
			);
			name = DatePicker;
			sourceTree = "<group>";
		};
		13F772462319B5E700090B0F /* CurrencyInput */ = {
			isa = PBXGroup;
			children = (
				13F7723C2319A09100090B0F /* CurrencyInputView.swift */,
				13F772472319B60800090B0F /* CurrencyInputViewDelegate.swift */,
			);
			name = CurrencyInput;
			sourceTree = "<group>";
		};
		13F7724E231B4CC000090B0F /* SumInputFieldFormatter */ = {
			isa = PBXGroup;
			children = (
				13F77251231B4F0900090B0F /* SumInputFieldFormatter.swift */,
				13F7724C2319C0A800090B0F /* SumInputFieldFormatterDelegate.swift */,
			);
			name = SumInputFieldFormatter;
			sourceTree = "<group>";
		};
		13F77254231B655A00090B0F /* Presentation Layer */ = {
			isa = PBXGroup;
			children = (
				138E62EF231D31CE002DD49E /* UIStrings */,
				13F7724E231B4CC000090B0F /* SumInputFieldFormatter */,
				13F772422319B43700090B0F /* UI Elements */,
				13D3DD52231B6BED0033394F /* Screens */,
			);
			name = "Presentation Layer";
			sourceTree = "<group>";
		};
		D1A7901739E00316F672966F /* Frameworks */ = {
			isa = PBXGroup;
			children = (
				7F781AA4DDB8F314C16BEAC0 /* Pods_CurrencyConverter.framework */,
				1D7AFD1467AB8CD1220DA29F /* Pods_CurrencyConverterTests.framework */,
			);
			name = Frameworks;
			sourceTree = "<group>";
		};
/* End PBXGroup section */

/* Begin PBXNativeTarget section */
		13E4F18D23198D4700BDE8EB /* CurrencyConverter */ = {
			isa = PBXNativeTarget;
			buildConfigurationList = 13E4F1AB23198D4800BDE8EB /* Build configuration list for PBXNativeTarget "CurrencyConverter" */;
			buildPhases = (
				1313E865231D481300D61196 /* ShellScript */,
				B08F91A532B11AA3A4E38979 /* [CP] Check Pods Manifest.lock */,
				13E4F18A23198D4700BDE8EB /* Sources */,
				13E4F18B23198D4700BDE8EB /* Frameworks */,
				13E4F18C23198D4700BDE8EB /* Resources */,
				24BADEE39588C5DE1B04DCB7 /* [CP] Embed Pods Frameworks */,
			);
			buildRules = (
			);
			dependencies = (
			);
			name = CurrencyConverter;
			productName = CurrencyConverter;
			productReference = 13E4F18E23198D4700BDE8EB /* CurrencyConverter.app */;
			productType = "com.apple.product-type.application";
		};
		13E4F1A123198D4800BDE8EB /* CurrencyConverterTests */ = {
			isa = PBXNativeTarget;
			buildConfigurationList = 13E4F1AE23198D4800BDE8EB /* Build configuration list for PBXNativeTarget "CurrencyConverterTests" */;
			buildPhases = (
				0F334319750DF28AB7B4D87D /* [CP] Check Pods Manifest.lock */,
				13E4F19E23198D4800BDE8EB /* Sources */,
				13E4F19F23198D4800BDE8EB /* Frameworks */,
				13E4F1A023198D4800BDE8EB /* Resources */,
			);
			buildRules = (
			);
			dependencies = (
				13E4F1A423198D4800BDE8EB /* PBXTargetDependency */,
			);
			name = CurrencyConverterTests;
			productName = CurrencyConverterTests;
			productReference = 13E4F1A223198D4800BDE8EB /* CurrencyConverterTests.xctest */;
			productType = "com.apple.product-type.bundle.unit-test";
		};
/* End PBXNativeTarget section */

/* Begin PBXProject section */
		13E4F18623198D4700BDE8EB /* Project object */ = {
			isa = PBXProject;
			attributes = {
				LastSwiftUpdateCheck = 1020;
				LastUpgradeCheck = 1020;
				ORGANIZATIONNAME = "Вячеслав Живетьев";
				TargetAttributes = {
					13E4F18D23198D4700BDE8EB = {
						CreatedOnToolsVersion = 10.2.1;
					};
					13E4F1A123198D4800BDE8EB = {
						CreatedOnToolsVersion = 10.2.1;
						TestTargetID = 13E4F18D23198D4700BDE8EB;
					};
				};
			};
			buildConfigurationList = 13E4F18923198D4700BDE8EB /* Build configuration list for PBXProject "CurrencyConverter" */;
			compatibilityVersion = "Xcode 9.3";
			developmentRegion = en;
			hasScannedForEncodings = 0;
			knownRegions = (
				en,
				Base,
			);
			mainGroup = 13E4F18523198D4700BDE8EB;
			productRefGroup = 13E4F18F23198D4700BDE8EB /* Products */;
			projectDirPath = "";
			projectRoot = "";
			targets = (
				13E4F18D23198D4700BDE8EB /* CurrencyConverter */,
				13E4F1A123198D4800BDE8EB /* CurrencyConverterTests */,
			);
		};
/* End PBXProject section */

/* Begin PBXResourcesBuildPhase section */
		13E4F18C23198D4700BDE8EB /* Resources */ = {
			isa = PBXResourcesBuildPhase;
			buildActionMask = 2147483647;
			files = (
				13E4F19C23198D4800BDE8EB /* LaunchScreen.storyboard in Resources */,
				13E4F19923198D4800BDE8EB /* Assets.xcassets in Resources */,
			);
			runOnlyForDeploymentPostprocessing = 0;
		};
		13E4F1A023198D4800BDE8EB /* Resources */ = {
			isa = PBXResourcesBuildPhase;
			buildActionMask = 2147483647;
			files = (
			);
			runOnlyForDeploymentPostprocessing = 0;
		};
/* End PBXResourcesBuildPhase section */

/* Begin PBXShellScriptBuildPhase section */
		0F334319750DF28AB7B4D87D /* [CP] Check Pods Manifest.lock */ = {
			isa = PBXShellScriptBuildPhase;
			buildActionMask = 2147483647;
			files = (
			);
			inputFileListPaths = (
			);
			inputPaths = (
				"${PODS_PODFILE_DIR_PATH}/Podfile.lock",
				"${PODS_ROOT}/Manifest.lock",
			);
			name = "[CP] Check Pods Manifest.lock";
			outputFileListPaths = (
			);
			outputPaths = (
				"$(DERIVED_FILE_DIR)/Pods-CurrencyConverterTests-checkManifestLockResult.txt",
			);
			runOnlyForDeploymentPostprocessing = 0;
			shellPath = /bin/sh;
			shellScript = "diff \"${PODS_PODFILE_DIR_PATH}/Podfile.lock\" \"${PODS_ROOT}/Manifest.lock\" > /dev/null\nif [ $? != 0 ] ; then\n    # print error to STDERR\n    echo \"error: The sandbox is not in sync with the Podfile.lock. Run 'pod install' or update your CocoaPods installation.\" >&2\n    exit 1\nfi\n# This output is used by Xcode 'outputs' to avoid re-running this script phase.\necho \"SUCCESS\" > \"${SCRIPT_OUTPUT_FILE_0}\"\n";
			showEnvVarsInLog = 0;
		};
		1313E865231D481300D61196 /* ShellScript */ = {
			isa = PBXShellScriptBuildPhase;
			buildActionMask = 2147483647;
			files = (
			);
			inputFileListPaths = (
			);
			inputPaths = (
			);
			outputFileListPaths = (
			);
			outputPaths = (
			);
			runOnlyForDeploymentPostprocessing = 0;
			shellPath = /bin/sh;
			shellScript = "if which swiftlint >/dev/null; then\nswiftlint\nelse\necho \"error: SwiftLint does not exist, download it from https://github.com/realm/SwiftLint\"\nexit 1\nfi\n";
		};
		24BADEE39588C5DE1B04DCB7 /* [CP] Embed Pods Frameworks */ = {
			isa = PBXShellScriptBuildPhase;
			buildActionMask = 2147483647;
			files = (
			);
			inputFileListPaths = (
			);
			inputPaths = (
				"${SRCROOT}/Pods/Target Support Files/Pods-CurrencyConverter/Pods-CurrencyConverter-frameworks.sh",
				"${BUILT_PRODUCTS_DIR}/Masonry/Masonry.framework",
				"${BUILT_PRODUCTS_DIR}/SwiftyXMLParser/SwiftyXMLParser.framework",
			);
			name = "[CP] Embed Pods Frameworks";
			outputFileListPaths = (
			);
			outputPaths = (
				"${TARGET_BUILD_DIR}/${FRAMEWORKS_FOLDER_PATH}/Masonry.framework",
				"${TARGET_BUILD_DIR}/${FRAMEWORKS_FOLDER_PATH}/SwiftyXMLParser.framework",
			);
			runOnlyForDeploymentPostprocessing = 0;
			shellPath = /bin/sh;
			shellScript = "\"${SRCROOT}/Pods/Target Support Files/Pods-CurrencyConverter/Pods-CurrencyConverter-frameworks.sh\"\n";
			showEnvVarsInLog = 0;
		};
		B08F91A532B11AA3A4E38979 /* [CP] Check Pods Manifest.lock */ = {
			isa = PBXShellScriptBuildPhase;
			buildActionMask = 2147483647;
			files = (
			);
			inputFileListPaths = (
			);
			inputPaths = (
				"${PODS_PODFILE_DIR_PATH}/Podfile.lock",
				"${PODS_ROOT}/Manifest.lock",
			);
			name = "[CP] Check Pods Manifest.lock";
			outputFileListPaths = (
			);
			outputPaths = (
				"$(DERIVED_FILE_DIR)/Pods-CurrencyConverter-checkManifestLockResult.txt",
			);
			runOnlyForDeploymentPostprocessing = 0;
			shellPath = /bin/sh;
			shellScript = "diff \"${PODS_PODFILE_DIR_PATH}/Podfile.lock\" \"${PODS_ROOT}/Manifest.lock\" > /dev/null\nif [ $? != 0 ] ; then\n    # print error to STDERR\n    echo \"error: The sandbox is not in sync with the Podfile.lock. Run 'pod install' or update your CocoaPods installation.\" >&2\n    exit 1\nfi\n# This output is used by Xcode 'outputs' to avoid re-running this script phase.\necho \"SUCCESS\" > \"${SCRIPT_OUTPUT_FILE_0}\"\n";
			showEnvVarsInLog = 0;
		};
/* End PBXShellScriptBuildPhase section */

/* Begin PBXSourcesBuildPhase section */
		13E4F18A23198D4700BDE8EB /* Sources */ = {
			isa = PBXSourcesBuildPhase;
			buildActionMask = 2147483647;
			files = (
				13D3DD6A231C463B0033394F /* CurrencyConversionServiceProtocol.swift in Sources */,
				13D3DD68231C46280033394F /* CurrencyConversionService.swift in Sources */,
				13E4F19423198D4700BDE8EB /* CurrencyConverterViewController.swift in Sources */,
				133B0806231D1257003B4D13 /* LoadingView.swift in Sources */,
				133B0803231CF22E003B4D13 /* CurrencyConversionError.swift in Sources */,
				13F77252231B4F0900090B0F /* SumInputFieldFormatter.swift in Sources */,
				13D3DD76231C5E710033394F /* CBRServiceDelegate.swift in Sources */,
				13D3DD55231B6C190033394F /* CurrencyConverterViewControllerOutput.swift in Sources */,
				13D3DD65231B7F280033394F /* CurrencyConverterViewData.swift in Sources */,
				13D3DD5C231B77D60033394F /* CurrencyConverterPresenter.swift in Sources */,
				13F7723D2319A09100090B0F /* CurrencyInputView.swift in Sources */,
				13D3DD6C231C47320033394F /* CurrencyConversionServiceDelegate.swift in Sources */,
				13D3DD72231C4EAE0033394F /* CBRService.swift in Sources */,
				13F772482319B60800090B0F /* CurrencyInputViewDelegate.swift in Sources */,
				13F7723F2319A5A900090B0F /* DatePickerView.swift in Sources */,
				13E4F19223198D4700BDE8EB /* AppDelegate.swift in Sources */,
				13D3DD6F231C47D60033394F /* CurrencyConverterViewAssembly.swift in Sources */,
				13D3DD78231C5F500033394F /* CBRServiceProtocol.swift in Sources */,
				13D3DD60231B7D0D0033394F /* CurrencyConverterPresenterOutput.swift in Sources */,
				13F772452319B47D00090B0F /* DatePickerViewDelegate.swift in Sources */,
				13F7724D2319C0A800090B0F /* SumInputFieldFormatterDelegate.swift in Sources */,
				138E62F1231D333D002DD49E /* UIStringsProvider.swift in Sources */,
			);
			runOnlyForDeploymentPostprocessing = 0;
		};
		13E4F19E23198D4800BDE8EB /* Sources */ = {
			isa = PBXSourcesBuildPhase;
			buildActionMask = 2147483647;
			files = (
				13E4F1A723198D4800BDE8EB /* CurrencyConverterTests.swift in Sources */,
			);
			runOnlyForDeploymentPostprocessing = 0;
		};
/* End PBXSourcesBuildPhase section */

/* Begin PBXTargetDependency section */
		13E4F1A423198D4800BDE8EB /* PBXTargetDependency */ = {
			isa = PBXTargetDependency;
			target = 13E4F18D23198D4700BDE8EB /* CurrencyConverter */;
			targetProxy = 13E4F1A323198D4800BDE8EB /* PBXContainerItemProxy */;
		};
/* End PBXTargetDependency section */

/* Begin PBXVariantGroup section */
		13E4F19A23198D4800BDE8EB /* LaunchScreen.storyboard */ = {
			isa = PBXVariantGroup;
			children = (
				13E4F19B23198D4800BDE8EB /* Base */,
			);
			name = LaunchScreen.storyboard;
			sourceTree = "<group>";
		};
/* End PBXVariantGroup section */

/* Begin XCBuildConfiguration section */
		13E4F1A923198D4800BDE8EB /* Debug */ = {
			isa = XCBuildConfiguration;
			buildSettings = {
				ALWAYS_SEARCH_USER_PATHS = NO;
				CLANG_ANALYZER_NONNULL = YES;
				CLANG_ANALYZER_NUMBER_OBJECT_CONVERSION = YES_AGGRESSIVE;
				CLANG_CXX_LANGUAGE_STANDARD = "gnu++14";
				CLANG_CXX_LIBRARY = "libc++";
				CLANG_ENABLE_MODULES = YES;
				CLANG_ENABLE_OBJC_ARC = YES;
				CLANG_ENABLE_OBJC_WEAK = YES;
				CLANG_WARN_BLOCK_CAPTURE_AUTORELEASING = YES;
				CLANG_WARN_BOOL_CONVERSION = YES;
				CLANG_WARN_COMMA = YES;
				CLANG_WARN_CONSTANT_CONVERSION = YES;
				CLANG_WARN_DEPRECATED_OBJC_IMPLEMENTATIONS = YES;
				CLANG_WARN_DIRECT_OBJC_ISA_USAGE = YES_ERROR;
				CLANG_WARN_DOCUMENTATION_COMMENTS = YES;
				CLANG_WARN_EMPTY_BODY = YES;
				CLANG_WARN_ENUM_CONVERSION = YES;
				CLANG_WARN_INFINITE_RECURSION = YES;
				CLANG_WARN_INT_CONVERSION = YES;
				CLANG_WARN_NON_LITERAL_NULL_CONVERSION = YES;
				CLANG_WARN_OBJC_IMPLICIT_RETAIN_SELF = YES;
				CLANG_WARN_OBJC_LITERAL_CONVERSION = YES;
				CLANG_WARN_OBJC_ROOT_CLASS = YES_ERROR;
				CLANG_WARN_RANGE_LOOP_ANALYSIS = YES;
				CLANG_WARN_STRICT_PROTOTYPES = YES;
				CLANG_WARN_SUSPICIOUS_MOVE = YES;
				CLANG_WARN_UNGUARDED_AVAILABILITY = YES_AGGRESSIVE;
				CLANG_WARN_UNREACHABLE_CODE = YES;
				CLANG_WARN__DUPLICATE_METHOD_MATCH = YES;
				CODE_SIGN_IDENTITY = "iPhone Developer";
				COPY_PHASE_STRIP = NO;
				DEBUG_INFORMATION_FORMAT = dwarf;
				ENABLE_STRICT_OBJC_MSGSEND = YES;
				ENABLE_TESTABILITY = YES;
				GCC_C_LANGUAGE_STANDARD = gnu11;
				GCC_DYNAMIC_NO_PIC = NO;
				GCC_NO_COMMON_BLOCKS = YES;
				GCC_OPTIMIZATION_LEVEL = 0;
				GCC_PREPROCESSOR_DEFINITIONS = (
					"DEBUG=1",
					"$(inherited)",
				);
				GCC_WARN_64_TO_32_BIT_CONVERSION = YES;
				GCC_WARN_ABOUT_RETURN_TYPE = YES_ERROR;
				GCC_WARN_UNDECLARED_SELECTOR = YES;
				GCC_WARN_UNINITIALIZED_AUTOS = YES_AGGRESSIVE;
				GCC_WARN_UNUSED_FUNCTION = YES;
				GCC_WARN_UNUSED_VARIABLE = YES;
				IPHONEOS_DEPLOYMENT_TARGET = 12.2;
				MTL_ENABLE_DEBUG_INFO = INCLUDE_SOURCE;
				MTL_FAST_MATH = YES;
				ONLY_ACTIVE_ARCH = YES;
				SDKROOT = iphoneos;
				SWIFT_ACTIVE_COMPILATION_CONDITIONS = DEBUG;
				SWIFT_OPTIMIZATION_LEVEL = "-Onone";
			};
			name = Debug;
		};
		13E4F1AA23198D4800BDE8EB /* Release */ = {
			isa = XCBuildConfiguration;
			buildSettings = {
				ALWAYS_SEARCH_USER_PATHS = NO;
				CLANG_ANALYZER_NONNULL = YES;
				CLANG_ANALYZER_NUMBER_OBJECT_CONVERSION = YES_AGGRESSIVE;
				CLANG_CXX_LANGUAGE_STANDARD = "gnu++14";
				CLANG_CXX_LIBRARY = "libc++";
				CLANG_ENABLE_MODULES = YES;
				CLANG_ENABLE_OBJC_ARC = YES;
				CLANG_ENABLE_OBJC_WEAK = YES;
				CLANG_WARN_BLOCK_CAPTURE_AUTORELEASING = YES;
				CLANG_WARN_BOOL_CONVERSION = YES;
				CLANG_WARN_COMMA = YES;
				CLANG_WARN_CONSTANT_CONVERSION = YES;
				CLANG_WARN_DEPRECATED_OBJC_IMPLEMENTATIONS = YES;
				CLANG_WARN_DIRECT_OBJC_ISA_USAGE = YES_ERROR;
				CLANG_WARN_DOCUMENTATION_COMMENTS = YES;
				CLANG_WARN_EMPTY_BODY = YES;
				CLANG_WARN_ENUM_CONVERSION = YES;
				CLANG_WARN_INFINITE_RECURSION = YES;
				CLANG_WARN_INT_CONVERSION = YES;
				CLANG_WARN_NON_LITERAL_NULL_CONVERSION = YES;
				CLANG_WARN_OBJC_IMPLICIT_RETAIN_SELF = YES;
				CLANG_WARN_OBJC_LITERAL_CONVERSION = YES;
				CLANG_WARN_OBJC_ROOT_CLASS = YES_ERROR;
				CLANG_WARN_RANGE_LOOP_ANALYSIS = YES;
				CLANG_WARN_STRICT_PROTOTYPES = YES;
				CLANG_WARN_SUSPICIOUS_MOVE = YES;
				CLANG_WARN_UNGUARDED_AVAILABILITY = YES_AGGRESSIVE;
				CLANG_WARN_UNREACHABLE_CODE = YES;
				CLANG_WARN__DUPLICATE_METHOD_MATCH = YES;
				CODE_SIGN_IDENTITY = "iPhone Developer";
				COPY_PHASE_STRIP = NO;
				DEBUG_INFORMATION_FORMAT = "dwarf-with-dsym";
				ENABLE_NS_ASSERTIONS = NO;
				ENABLE_STRICT_OBJC_MSGSEND = YES;
				GCC_C_LANGUAGE_STANDARD = gnu11;
				GCC_NO_COMMON_BLOCKS = YES;
				GCC_WARN_64_TO_32_BIT_CONVERSION = YES;
				GCC_WARN_ABOUT_RETURN_TYPE = YES_ERROR;
				GCC_WARN_UNDECLARED_SELECTOR = YES;
				GCC_WARN_UNINITIALIZED_AUTOS = YES_AGGRESSIVE;
				GCC_WARN_UNUSED_FUNCTION = YES;
				GCC_WARN_UNUSED_VARIABLE = YES;
				IPHONEOS_DEPLOYMENT_TARGET = 12.2;
				MTL_ENABLE_DEBUG_INFO = NO;
				MTL_FAST_MATH = YES;
				SDKROOT = iphoneos;
				SWIFT_COMPILATION_MODE = wholemodule;
				SWIFT_OPTIMIZATION_LEVEL = "-O";
				VALIDATE_PRODUCT = YES;
			};
			name = Release;
		};
		13E4F1AC23198D4800BDE8EB /* Debug */ = {
			isa = XCBuildConfiguration;
			baseConfigurationReference = 2E2883AC3AF3C0E174386B2E /* Pods-CurrencyConverter.debug.xcconfig */;
			buildSettings = {
				ASSETCATALOG_COMPILER_APPICON_NAME = AppIcon;
				CODE_SIGN_STYLE = Automatic;
				DEVELOPMENT_TEAM = L89AMX7695;
				INFOPLIST_FILE = CurrencyConverter/Info.plist;
				LD_RUNPATH_SEARCH_PATHS = (
					"$(inherited)",
					"@executable_path/Frameworks",
				);
				PRODUCT_BUNDLE_IDENTIFIER = ru.vmz.CurrencyConverter;
				PRODUCT_NAME = "$(TARGET_NAME)";
				SWIFT_VERSION = 5.0;
				TARGETED_DEVICE_FAMILY = "1,2";
			};
			name = Debug;
		};
		13E4F1AD23198D4800BDE8EB /* Release */ = {
			isa = XCBuildConfiguration;
			baseConfigurationReference = AEB276D539C8F197A28AABEA /* Pods-CurrencyConverter.release.xcconfig */;
			buildSettings = {
				ASSETCATALOG_COMPILER_APPICON_NAME = AppIcon;
				CODE_SIGN_STYLE = Automatic;
				DEVELOPMENT_TEAM = L89AMX7695;
				INFOPLIST_FILE = CurrencyConverter/Info.plist;
				LD_RUNPATH_SEARCH_PATHS = (
					"$(inherited)",
					"@executable_path/Frameworks",
				);
				PRODUCT_BUNDLE_IDENTIFIER = ru.vmz.CurrencyConverter;
				PRODUCT_NAME = "$(TARGET_NAME)";
				SWIFT_VERSION = 5.0;
				TARGETED_DEVICE_FAMILY = "1,2";
			};
			name = Release;
		};
		13E4F1AF23198D4800BDE8EB /* Debug */ = {
			isa = XCBuildConfiguration;
			baseConfigurationReference = E3727542F3F5B584D1A45660 /* Pods-CurrencyConverterTests.debug.xcconfig */;
			buildSettings = {
				ALWAYS_EMBED_SWIFT_STANDARD_LIBRARIES = YES;
				BUNDLE_LOADER = "$(TEST_HOST)";
				CODE_SIGN_STYLE = Automatic;
				INFOPLIST_FILE = CurrencyConverterTests/Info.plist;
				LD_RUNPATH_SEARCH_PATHS = (
					"$(inherited)",
					"@executable_path/Frameworks",
					"@loader_path/Frameworks",
				);
				PRODUCT_BUNDLE_IDENTIFIER = ru.vmz.CurrencyConverterTests;
				PRODUCT_NAME = "$(TARGET_NAME)";
				SWIFT_VERSION = 5.0;
				TARGETED_DEVICE_FAMILY = "1,2";
				TEST_HOST = "$(BUILT_PRODUCTS_DIR)/CurrencyConverter.app/CurrencyConverter";
			};
			name = Debug;
		};
		13E4F1B023198D4800BDE8EB /* Release */ = {
			isa = XCBuildConfiguration;
			baseConfigurationReference = 066189A4F9354FFC0E886CE6 /* Pods-CurrencyConverterTests.release.xcconfig */;
			buildSettings = {
				ALWAYS_EMBED_SWIFT_STANDARD_LIBRARIES = YES;
				BUNDLE_LOADER = "$(TEST_HOST)";
				CODE_SIGN_STYLE = Automatic;
				INFOPLIST_FILE = CurrencyConverterTests/Info.plist;
				LD_RUNPATH_SEARCH_PATHS = (
					"$(inherited)",
					"@executable_path/Frameworks",
					"@loader_path/Frameworks",
				);
				PRODUCT_BUNDLE_IDENTIFIER = ru.vmz.CurrencyConverterTests;
				PRODUCT_NAME = "$(TARGET_NAME)";
				SWIFT_VERSION = 5.0;
				TARGETED_DEVICE_FAMILY = "1,2";
				TEST_HOST = "$(BUILT_PRODUCTS_DIR)/CurrencyConverter.app/CurrencyConverter";
			};
			name = Release;
		};
/* End XCBuildConfiguration section */

/* Begin XCConfigurationList section */
		13E4F18923198D4700BDE8EB /* Build configuration list for PBXProject "CurrencyConverter" */ = {
			isa = XCConfigurationList;
			buildConfigurations = (
				13E4F1A923198D4800BDE8EB /* Debug */,
				13E4F1AA23198D4800BDE8EB /* Release */,
			);
			defaultConfigurationIsVisible = 0;
			defaultConfigurationName = Release;
		};
		13E4F1AB23198D4800BDE8EB /* Build configuration list for PBXNativeTarget "CurrencyConverter" */ = {
			isa = XCConfigurationList;
			buildConfigurations = (
				13E4F1AC23198D4800BDE8EB /* Debug */,
				13E4F1AD23198D4800BDE8EB /* Release */,
			);
			defaultConfigurationIsVisible = 0;
			defaultConfigurationName = Release;
		};
		13E4F1AE23198D4800BDE8EB /* Build configuration list for PBXNativeTarget "CurrencyConverterTests" */ = {
			isa = XCConfigurationList;
			buildConfigurations = (
				13E4F1AF23198D4800BDE8EB /* Debug */,
				13E4F1B023198D4800BDE8EB /* Release */,
			);
			defaultConfigurationIsVisible = 0;
			defaultConfigurationName = Release;
		};
/* End XCConfigurationList section */
	};
	rootObject = 13E4F18623198D4700BDE8EB /* Project object */;
}
